
Microsoft Visual Studio Solution File, Format Version 12.00
# Visual Studio Version 16
VisualStudioVersion = 16.0.34601.136
MinimumVisualStudioVersion = 10.0.40219.1
Project("{FAE04EC0-301F-11D3-BF4B-00C04F79EFBC}") = "Assignment 5", "Assignment 5\Assignment 5.csproj", "{7D22CF70-FFB2-4A99-8A0F-06A6036427EC}"
EndProject
Global
	GlobalSection(SolutionConfigurationPlatforms) = preSolution
		Debug|Any CPU = Debug|Any CPU
		Release|Any CPU = Release|Any CPU
	EndGlobalSection
	GlobalSection(ProjectConfigurationPlatforms) = postSolution
		{7D22CF70-FFB2-4A99-8A0F-06A6036427EC}.Debug|Any CPU.ActiveCfg = Debug|Any CPU
		{7D22CF70-FFB2-4A99-8A0F-06A6036427EC}.Debug|Any CPU.Build.0 = Debug|Any CPU
		{7D22CF70-FFB2-4A99-8A0F-06A6036427EC}.Release|Any CPU.ActiveCfg = Release|Any CPU
		{7D22CF70-FFB2-4A99-8A0F-06A6036427EC}.Release|Any CPU.Build.0 = Release|Any CPU
	EndGlobalSection
	GlobalSection(SolutionProperties) = preSolution
		HideSolutionNode = FALSE
	EndGlobalSection
	GlobalSection(ExtensibilityGlobals) = postSolution
		SolutionGuid = {0C56DC2A-5645-4CDC-A910-AD27DAB84E8F}
	EndGlobalSection
EndGlobal
